
Microsoft Visual Studio Solution File, Format Version 12.00
# Visual Studio 15
VisualStudioVersion = 15.0.26730.15
MinimumVisualStudioVersion = 10.0.40219.1
Project("{FAE04EC0-301F-11D3-BF4B-00C04F79EFBC}") = "HanoiMitWindowsForms", "HanoiMitWindowsForms\HanoiMitWindowsForms.csproj", "{C1FC0BA1-75BA-4E51-957C-597780EB80DE}"
EndProject
Global
	GlobalSection(SolutionConfigurationPlatforms) = preSolution
		Debug|Any CPU = Debug|Any CPU
		Release|Any CPU = Release|Any CPU
	EndGlobalSection
	GlobalSection(ProjectConfigurationPlatforms) = postSolution
		{C1FC0BA1-75BA-4E51-957C-597780EB80DE}.Debug|Any CPU.ActiveCfg = Debug|Any CPU
		{C1FC0BA1-75BA-4E51-957C-597780EB80DE}.Debug|Any CPU.Build.0 = Debug|Any CPU
		{C1FC0BA1-75BA-4E51-957C-597780EB80DE}.Release|Any CPU.ActiveCfg = Release|Any CPU
		{C1FC0BA1-75BA-4E51-957C-597780EB80DE}.Release|Any CPU.Build.0 = Release|Any CPU
	EndGlobalSection
	GlobalSection(SolutionProperties) = preSolution
		HideSolutionNode = FALSE
	EndGlobalSection
	GlobalSection(ExtensibilityGlobals) = postSolution
		SolutionGuid = {68A8236E-E2DD-4DD0-9E94-8A3D2B6CB407}
	EndGlobalSection
EndGlobal
